
Microsoft Visual Studio Solution File, Format Version 12.00
# Visual Studio Version 17
VisualStudioVersion = 17.0.31912.275
MinimumVisualStudioVersion = 10.0.40219.1
Project("{FAE04EC0-301F-11D3-BF4B-00C04F79EFBC}") = "DungeonPapperWPF", "DungeonPapperWPF.csproj", "{213FBA6F-718C-4469-ABAC-B75BA9D05E14}"
EndProject
Project("{2150E333-8FDC-42A3-9474-1A3956D46DE8}") = "Solution Items", "Solution Items", "{794F0434-CEF6-4D14-84C4-B16E226D4D03}"
EndProject
Global
	GlobalSection(SolutionConfigurationPlatforms) = preSolution
		Debug|Any CPU = Debug|Any CPU
		Release|Any CPU = Release|Any CPU
	EndGlobalSection
	GlobalSection(ProjectConfigurationPlatforms) = postSolution
		{213FBA6F-718C-4469-ABAC-B75BA9D05E14}.Debug|Any CPU.ActiveCfg = Debug|Any CPU
		{213FBA6F-718C-4469-ABAC-B75BA9D05E14}.Debug|Any CPU.Build.0 = Debug|Any CPU
		{213FBA6F-718C-4469-ABAC-B75BA9D05E14}.Release|Any CPU.ActiveCfg = Release|Any CPU
		{213FBA6F-718C-4469-ABAC-B75BA9D05E14}.Release|Any CPU.Build.0 = Release|Any CPU
	EndGlobalSection
	GlobalSection(SolutionProperties) = preSolution
		HideSolutionNode = FALSE
	EndGlobalSection
	GlobalSection(ExtensibilityGlobals) = postSolution
		SolutionGuid = {2FC6A9DF-A521-41BF-9B61-CFC141D32EC3}
	EndGlobalSection
EndGlobal
